{
    "_meta": {
        "hash": {
            "sha256": "cb627ad0d8de781340ab6e3d4410d1ee764eae5f19f9f1d7df9db14a77d6303f"
        },
        "pipfile-spec": 6,
        "requires": {
            "python_version": "3.9"
        },
        "sources": [
            {
                "name": "pypi",
                "url": "https://pypi.org/simple",
                "verify_ssl": true
            }
        ]
    },
    "default": {
        "autodynatrace": {
            "hashes": [
                "sha256:0fb3e823f8183d985f59f12ca7c4430db7cd60cfa6301fece31d792ab157c89a",
                "sha256:b503e7c46c67c316a2986f83b96692870d82ac7c9d28df001ea62f7cff9a41a2"
            ],
            "index": "pypi",
            "version": "==2.0.0"
        },
        "autowrapt": {
            "hashes": [
                "sha256:a0dcd0092477bb22e391f136659cc7f716da06ebda66a8b51ae4955cab0f97a2"
            ],
            "version": "==1.0"
        },
        "blinker": {
            "hashes": [
                "sha256:c3f865d4d54db7abc53758a01601cf343fe55b84c1de4e3fa910e420b438d5b9",
                "sha256:e6820ff6fa4e4d1d8e2747c2283749c3f547e4fee112b98555cdcdae32996182"
            ],
            "markers": "python_version >= '3.8'",
            "version": "==1.7.0"
        },
        "certifi": {
            "hashes": [
                "sha256:539cc1d13202e33ca466e88b2807e29f4c13049d6d87031a3c110744495cb082",
                "sha256:92d6037539857d8206b8f6ae472e8b77db8058fec5937a1ef3f54304089edbb9"
            ],
            "markers": "python_version >= '3.6'",
            "version": "==2023.7.22"
        },
        "charset-normalizer": {
            "hashes": [
                "sha256:06435b539f889b1f6f4ac1758871aae42dc3a8c0e24ac9e60c2384973ad73027",
                "sha256:06a81e93cd441c56a9b65d8e1d043daeb97a3d0856d177d5c90ba85acb3db087",
                "sha256:0a55554a2fa0d408816b3b5cedf0045f4b8e1a6065aec45849de2d6f3f8e9786",
                "sha256:0b2b64d2bb6d3fb9112bafa732def486049e63de9618b5843bcdd081d8144cd8",
                "sha256:10955842570876604d404661fbccbc9c7e684caf432c09c715ec38fbae45ae09",
                "sha256:122c7fa62b130ed55f8f285bfd56d5f4b4a5b503609d181f9ad85e55c89f4185",
                "sha256:1ceae2f17a9c33cb48e3263960dc5fc8005351ee19db217e9b1bb15d28c02574",
                "sha256:1d3193f4a680c64b4b6a9115943538edb896edc190f0b222e73761716519268e",
                "sha256:1f79682fbe303db92bc2b1136016a38a42e835d932bab5b3b1bfcfbf0640e519",
                "sha256:2127566c664442652f024c837091890cb1942c30937add288223dc895793f898",
                "sha256:22afcb9f253dac0696b5a4be4a1c0f8762f8239e21b99680099abd9b2b1b2269",
                "sha256:25baf083bf6f6b341f4121c2f3c548875ee6f5339300e08be3f2b2ba1721cdd3",
                "sha256:2e81c7b9c8979ce92ed306c249d46894776a909505d8f5a4ba55b14206e3222f",
                "sha256:3287761bc4ee9e33561a7e058c72ac0938c4f57fe49a09eae428fd88aafe7bb6",
                "sha256:34d1c8da1e78d2e001f363791c98a272bb734000fcef47a491c1e3b0505657a8",
                "sha256:37e55c8e51c236f95b033f6fb391d7d7970ba5fe7ff453dad675e88cf303377a",
                "sha256:3d47fa203a7bd9c5b6cee4736ee84ca03b8ef23193c0d1ca99b5089f72645c73",
                "sha256:3e4d1f6587322d2788836a99c69062fbb091331ec940e02d12d179c1d53e25fc",
                "sha256:42cb296636fcc8b0644486d15c12376cb9fa75443e00fb25de0b8602e64c1714",
                "sha256:45485e01ff4d3630ec0d9617310448a8702f70e9c01906b0d0118bdf9d124cf2",
                "sha256:4a78b2b446bd7c934f5dcedc588903fb2f5eec172f3d29e52a9096a43722adfc",
                "sha256:4ab2fe47fae9e0f9dee8c04187ce5d09f48eabe611be8259444906793ab7cbce",
                "sha256:4d0d1650369165a14e14e1e47b372cfcb31d6ab44e6e33cb2d4e57265290044d",
                "sha256:549a3a73da901d5bc3ce8d24e0600d1fa85524c10287f6004fbab87672bf3e1e",
                "sha256:55086ee1064215781fff39a1af09518bc9255b50d6333f2e4c74ca09fac6a8f6",
                "sha256:572c3763a264ba47b3cf708a44ce965d98555f618ca42c926a9c1616d8f34269",
                "sha256:573f6eac48f4769d667c4442081b1794f52919e7edada77495aaed9236d13a96",
                "sha256:5b4c145409bef602a690e7cfad0a15a55c13320ff7a3ad7ca59c13bb8ba4d45d",
                "sha256:6463effa3186ea09411d50efc7d85360b38d5f09b870c48e4600f63af490e56a",
                "sha256:65f6f63034100ead094b8744b3b97965785388f308a64cf8d7c34f2f2e5be0c4",
                "sha256:663946639d296df6a2bb2aa51b60a2454ca1cb29835324c640dafb5ff2131a77",
                "sha256:6897af51655e3691ff853668779c7bad41579facacf5fd7253b0133308cf000d",
                "sha256:68d1f8a9e9e37c1223b656399be5d6b448dea850bed7d0f87a8311f1ff3dabb0",
                "sha256:6ac7ffc7ad6d040517be39eb591cac5ff87416c2537df6ba3cba3bae290c0fed",
                "sha256:6b3251890fff30ee142c44144871185dbe13b11bab478a88887a639655be1068",
                "sha256:6c4caeef8fa63d06bd437cd4bdcf3ffefe6738fb1b25951440d80dc7df8c03ac",
                "sha256:6ef1d82a3af9d3eecdba2321dc1b3c238245d890843e040e41e470ffa64c3e25",
                "sha256:753f10e867343b4511128c6ed8c82f7bec3bd026875576dfd88483c5c73b2fd8",
                "sha256:7cd13a2e3ddeed6913a65e66e94b51d80a041145a026c27e6bb76c31a853c6ab",
                "sha256:7ed9e526742851e8d5cc9e6cf41427dfc6068d4f5a3bb03659444b4cabf6bc26",
                "sha256:7f04c839ed0b6b98b1a7501a002144b76c18fb1c1850c8b98d458ac269e26ed2",
                "sha256:802fe99cca7457642125a8a88a084cef28ff0cf9407060f7b93dca5aa25480db",
                "sha256:80402cd6ee291dcb72644d6eac93785fe2c8b9cb30893c1af5b8fdd753b9d40f",
                "sha256:8465322196c8b4d7ab6d1e049e4c5cb460d0394da4a27d23cc242fbf0034b6b5",
                "sha256:86216b5cee4b06df986d214f664305142d9c76df9b6512be2738aa72a2048f99",
                "sha256:87d1351268731db79e0f8e745d92493ee2841c974128ef629dc518b937d9194c",
                "sha256:8bdb58ff7ba23002a4c5808d608e4e6c687175724f54a5dade5fa8c67b604e4d",
                "sha256:8c622a5fe39a48f78944a87d4fb8a53ee07344641b0562c540d840748571b811",
                "sha256:8d756e44e94489e49571086ef83b2bb8ce311e730092d2c34ca8f7d925cb20aa",
                "sha256:8f4a014bc36d3c57402e2977dada34f9c12300af536839dc38c0beab8878f38a",
                "sha256:9063e24fdb1e498ab71cb7419e24622516c4a04476b17a2dab57e8baa30d6e03",
                "sha256:90d558489962fd4918143277a773316e56c72da56ec7aa3dc3dbbe20fdfed15b",
                "sha256:923c0c831b7cfcb071580d3f46c4baf50f174be571576556269530f4bbd79d04",
                "sha256:95f2a5796329323b8f0512e09dbb7a1860c46a39da62ecb2324f116fa8fdc85c",
                "sha256:96b02a3dc4381e5494fad39be677abcb5e6634bf7b4fa83a6dd3112607547001",
                "sha256:9f96df6923e21816da7e0ad3fd47dd8f94b2a5ce594e00677c0013018b813458",
                "sha256:a10af20b82360ab00827f916a6058451b723b4e65030c5a18577c8b2de5b3389",
                "sha256:a50aebfa173e157099939b17f18600f72f84eed3049e743b68ad15bd69b6bf99",
                "sha256:a981a536974bbc7a512cf44ed14938cf01030a99e9b3a06dd59578882f06f985",
                "sha256:a9a8e9031d613fd2009c182b69c7b2c1ef8239a0efb1df3f7c8da66d5dd3d537",
                "sha256:ae5f4161f18c61806f411a13b0310bea87f987c7d2ecdbdaad0e94eb2e404238",
                "sha256:aed38f6e4fb3f5d6bf81bfa990a07806be9d83cf7bacef998ab1a9bd660a581f",
                "sha256:b01b88d45a6fcb69667cd6d2f7a9aeb4bf53760d7fc536bf679ec94fe9f3ff3d",
                "sha256:b261ccdec7821281dade748d088bb6e9b69e6d15b30652b74cbbac25e280b796",
                "sha256:b2b0a0c0517616b6869869f8c581d4eb2dd83a4d79e0ebcb7d373ef9956aeb0a",
                "sha256:b4a23f61ce87adf89be746c8a8974fe1c823c891d8f86eb218bb957c924bb143",
                "sha256:bd8f7df7d12c2db9fab40bdd87a7c09b1530128315d047a086fa3ae3435cb3a8",
                "sha256:beb58fe5cdb101e3a055192ac291b7a21e3b7ef4f67fa1d74e331a7f2124341c",
                "sha256:c002b4ffc0be611f0d9da932eb0f704fe2602a9a949d1f738e4c34c75b0863d5",
                "sha256:c083af607d2515612056a31f0a8d9e0fcb5876b7bfc0abad3ecd275bc4ebc2d5",
                "sha256:c180f51afb394e165eafe4ac2936a14bee3eb10debc9d9e4db8958fe36afe711",
                "sha256:c235ebd9baae02f1b77bcea61bce332cb4331dc3617d254df3323aa01ab47bd4",
                "sha256:cd70574b12bb8a4d2aaa0094515df2463cb429d8536cfb6c7ce983246983e5a6",
                "sha256:d0eccceffcb53201b5bfebb52600a5fb483a20b61da9dbc885f8b103cbe7598c",
                "sha256:d965bba47ddeec8cd560687584e88cf699fd28f192ceb452d1d7ee807c5597b7",
                "sha256:db364eca23f876da6f9e16c9da0df51aa4f104a972735574842618b8c6d999d4",
                "sha256:ddbb2551d7e0102e7252db79ba445cdab71b26640817ab1e3e3648dad515003b",
                "sha256:deb6be0ac38ece9ba87dea880e438f25ca3eddfac8b002a2ec3d9183a454e8ae",
                "sha256:e06ed3eb3218bc64786f7db41917d4e686cc4856944f53d5bdf83a6884432e12",
                "sha256:e27ad930a842b4c5eb8ac0016b0a54f5aebbe679340c26101df33424142c143c",
                "sha256:e537484df0d8f426ce2afb2d0f8e1c3d0b114b83f8850e5f2fbea0e797bd82ae",
                "sha256:eb00ed941194665c332bf8e078baf037d6c35d7c4f3102ea2d4f16ca94a26dc8",
                "sha256:eb6904c354526e758fda7167b33005998fb68c46fbc10e013ca97f21ca5c8887",
                "sha256:eb8821e09e916165e160797a6c17edda0679379a4be5c716c260e836e122f54b",
                "sha256:efcb3f6676480691518c177e3b465bcddf57cea040302f9f4e6e191af91174d4",
                "sha256:f27273b60488abe721a075bcca6d7f3964f9f6f067c8c4c605743023d7d3944f",
                "sha256:f30c3cb33b24454a82faecaf01b19c18562b1e89558fb6c56de4d9118a032fd5",
                "sha256:fb69256e180cb6c8a894fee62b3afebae785babc1ee98b81cdf68bbca1987f33",
                "sha256:fd1abc0d89e30cc4e02e4064dc67fcc51bd941eb395c502aac3ec19fab46b519",
                "sha256:ff8fa367d09b717b2a17a052544193ad76cd49979c805768879cb63d9ca50561"
            ],
            "index": "pypi",
            "version": "==3.3.2"
        },
        "click": {
            "hashes": [
                "sha256:ae74fb96c20a0277a1d615f1e4d73c8414f5a98db8b799a7931d1582f3390c28",
                "sha256:ca9853ad459e787e2192211578cc907e7594e294c7ccc834310722b41b9ca6de"
            ],
            "markers": "python_version >= '3.7'",
            "version": "==8.1.7"
        },
        "colorama": {
            "hashes": [
                "sha256:08695f5cb7ed6e0531a20572697297273c47b8cae5a63ffc6d6ed5c201be6e44",
                "sha256:4f1d9991f5acc0ca119f9d443620b77f9d6b33703e51011c16baf57afb285fc6"
            ],
            "index": "pypi",
            "version": "==0.4.6"
        },
        "cx-freeze": {
            "hashes": [
                "sha256:0046724258c611a81adae16111961fc225c26cbd89b73f37977cef3b83e8afca",
                "sha256:05cd267759692f511861d22860d35e2a05bfbf738f962c157618bb8c771d2320",
                "sha256:17f997f5c7ec10dd2435b9bf16e1e12f25b862e06fa81be06068fa3947b63c17",
                "sha256:180a348790cb9ca41bc98a929cebd2c66d1d0b2d85bedfbce0e681af052db0d2",
                "sha256:1c3eb76cbb96b4b7706092e7483c9ef8482421d0b57e6f609e37cee73bcb7185",
                "sha256:20ce517d3458bc3bc6578c55e0ca5ec4e4d68a733209312551ddf036caf25e2e",
                "sha256:21292c9c49be02bc37faba516997c8f12957aaa6a45bcd6e03fcf37c8cf451f7",
                "sha256:2bbbc29f06fb0363ee70b33be4ef623d7bfeb4fab073e13506438308c0a8465b",
                "sha256:2bd9bd10f11486620b0fb3b6362493968746845f326f22deb895e18eaed48647",
                "sha256:2c4f71e93d694b898880365adbda5337ecc078f5de8bb33c232610fd3eb5bc37",
                "sha256:2db693ae24b4999868b880fd1570ec765a80c47f90d8caaaab902c9f2d2be255",
                "sha256:328c50d27f93f66d15ba50bab60a89fc0e352a5cbda4318b8702d54a5d1282e3",
                "sha256:3950a728e72b9f49805969e04b4588ebe17f3d9bb52ebb5fb65fc41ae391fb0a",
                "sha256:3fbba975622e105e94a2f4d7b4f644adceec226dbcb317a8eaa76c34ef8cbab6",
                "sha256:4657d04c3ed0cc9bbbbe8ffcdfaefc650608292f714d42852a6abff09f69a826",
                "sha256:4707bb3895c028c9eea233c52ce295d2b302d835729c7843adfca933877714d1",
                "sha256:5218567ad2659f128060a998bf75b17236f6981f62bd0dc271d6458a63ed6453",
                "sha256:5bec9356a0e94e51fcd8e18885b3719d041148a556677af400900321c67bf4e3",
                "sha256:60cdddb4ad5d48a7b08ef148bfda64b5231e443bb2aa49f9727d1313b11d5f11",
                "sha256:69b4acb714bd4ff717db4d5358f9d901d047b3c1caa8c4d0f6625d6419298470",
                "sha256:70b47e2e4b0fc7b1f7f359aa3f0ce04747713fe4d737e87d11f8d7f1c7cb7b42",
                "sha256:71f5d3369486ce7160b4ce8257708dea32c85a831ef8650e7ce96d8d83ef8869",
                "sha256:7eb0bed7f7acce17bd72d94ccc5147b5bcb5f3065e9ebd01d8049a08af7f90a4",
                "sha256:914ed64f31e6eeb57b8d1298872ceef1ee8dd55a719dcfd57578a292a3279964",
                "sha256:93d41c930d3bdec552e57a72befc5cc4075256f46b7587c8db8cb03483eaf57a",
                "sha256:9a430fc493801ce8bbc47548ad5b7ae15ef1d803e28b7a0e64a50515885d3b0b",
                "sha256:a1959fb7342de2c43f61a8c58f3f029f75bc3b3f82bb690d6433451354d44821",
                "sha256:a575727d21f7aeb4620399f3779828bc83a6ed2a31e124494df29255b523743f",
                "sha256:b318242d5ea18ed6322df4479c07c748ceca38c8866d23d11623a4f0e56c9ef7",
                "sha256:bc9c0f3d1122c5720a695082465de103c1c1db17ee02b23e04e49edccbae1764",
                "sha256:bd684509e97858d26c152396f1c12263253725c96ba39d588a0ff7547c0a494c",
                "sha256:c050e26de0eff149d04ad775e43509047eb89add934b51b947ec2d492cbf451b",
                "sha256:c5fdd3a5b5cf9e7acfeaaa3c59ad2480de7e5a1805349ab773ca07c1e579865a",
                "sha256:d56931bac67d333b176bb08f60b886b12d4ee161494ee084937e1dd0604b05f2",
                "sha256:da7f326045b54965a69ceebd86340644753207ad1ddca15e35c9542f058babaa",
                "sha256:e90f984dccb77bdbe5ce49aee17ee5fb9f8b8f6c783b8f5c99f87e05c382ad57",
                "sha256:ed1c17221d1d27f0f293cf378cf0b95b83a83e2df36e4aab3a76fced7243b472",
                "sha256:eebd5eafadcbe241a6458e1c4073d4751597291f6c7f63edc7e8d0bbba08ded0",
                "sha256:f7424eddd3e3d18db8ecbaed3bb11cc3438e15126d4be8ca8b5be2fec35ffe7d",
                "sha256:fa6c4d7b7bc88a5d056595b6067eb6e70a7db3c8d63c7386da98cd44c4ce8cd9"
            ],
            "index": "pypi",
            "version": "==6.15.10"
        },
        "cx-logging": {
            "hashes": [
                "sha256:10fca1790e3467548472987e1a39379a96b93da09bdc1b64b3075605d473aaf6",
                "sha256:1937991c2daab59ced3bf8f52b1052b0157c0c30f229aa87bd384ab18dc8d1f3",
                "sha256:3accfa4ae945c3f65d7fc830058272e263b27e09672539d8dc2ed190a07be99e",
                "sha256:4e16a66e8ce16b28a79c9dcf9bda2f36297bd552ec7d9a80cc70e19970d49460",
                "sha256:564bea49c30342478ff2301c39a61c47c926e01146052b2a505ac11896ef51d2",
                "sha256:78b82737e589d5805b044a64afa8d2782a388a42898af084c6ab76153bc531fb",
                "sha256:7d69b2986e53f8f14d6fcd1614472f378edf63eea6c71c04d42cb215f7012717",
                "sha256:8040a77b922eacd342d2dc0804a06425d772cf9cde61dd4c01e61aaaf9189f9f",
                "sha256:80aac0557464995780769535edf8057bab79a54cb4126363a7134b4ae38d25a3",
                "sha256:8129e2d6bbff03fa7b09e9b587a5aed178fa16032508bae0f4db7e933fb43d08",
                "sha256:82fc9cd57a4c151856759d76b9e44700913de60d6b97d661000577dad89f383b",
                "sha256:8a06834d8527aa904a68b25c9c1a5fa09f0dfdc94dbd9f86b81cd8d2f7a0e487",
                "sha256:8a1548d8339baf54c7f1f372e68d381be7ce3e9506f2aa0987e88670a446a773",
                "sha256:93ee6c9109d129f63344aa9da10dfc6c0d2ac3b2656599a4f884bf482c1fd2f6",
                "sha256:9d6aee2d91d4abeafa8ae1a5cacdcc363031ab6e69a3c5b221b294f5b94b0830",
                "sha256:a98781f59652c58b0648a835b5f5a9cfcdc90957283818d1babf98aed3a5e28f",
                "sha256:ae6d01072625de14584e79af4aade249b3b7080e90a3df6b47ada72b0ecd8b79",
                "sha256:c61388bd9410817839187dab602f47d307f3f58df2dd11fb698cd321b8b48985",
                "sha256:ce9a37ab15890a87d144a7206c30d16192b67e63e8e52f02c579daa72a10767e",
                "sha256:cfd260cd431f2087cac2a9bfb738c2e428eb30e2b85ba0e0bce8dde2cb4843eb",
                "sha256:f7f2d686ca7347e14d248e4f57279b9340b305f86888806313111ab7964835f4"
            ],
            "markers": "sys_platform == 'win32'",
            "version": "==3.1.0"
        },
        "deepdiff": {
            "hashes": [
                "sha256:58396bb7a863cbb4ed5193f548c56f18218060362311aa1dc36397b2f25108bd",
                "sha256:b367e6fa6caac1c9f500adc79ada1b5b1242c50d5f716a1a4362030197847d30"
            ],
            "index": "pypi",
            "version": "==6.7.1"
        },
        "flask": {
            "hashes": [
                "sha256:21128f47e4e3b9d597a3e8521a329bf56909b690fcc3fa3e477725aa81367638",
                "sha256:cfadcdb638b609361d29ec22360d6070a77d7463dcb3ab08d2c2f2f168845f58"
            ],
            "index": "pypi",
            "version": "==3.0.0"
        },
        "flask-cors": {
            "hashes": [
                "sha256:bc3492bfd6368d27cfe79c7821df5a8a319e1a6d5eab277a3794be19bdc51783",
                "sha256:f268522fcb2f73e2ecdde1ef45e2fd5c71cc48fe03cffb4b441c6d1b40684eb0"
            ],
            "index": "pypi",
            "version": "==4.0.0"
        },
        "idna": {
            "hashes": [
                "sha256:814f528e8dead7d329833b91c5faa87d60bf71824cd12a7530b5526063d02cb4",
                "sha256:90b77e79eaa3eba6de819a0c442c0b4ceefc341a7a2ab77d7562bf49f425c5c2"
            ],
            "markers": "python_version >= '3.5'",
            "version": "==3.4"
        },
        "importlib-metadata": {
            "hashes": [
                "sha256:3ebb78df84a805d7698245025b975d9d67053cd94c79245ba4b3eb694abe68bb",
                "sha256:dbace7892d8c0c4ac1ad096662232f831d4e64f4c4545bd53016a3e9d4654743"
            ],
            "markers": "python_version < '3.10'",
            "version": "==6.8.0"
        },
        "itsdangerous": {
            "hashes": [
                "sha256:2c2349112351b88699d8d4b6b075022c0808887cb7ad10069318a8b0bc88db44",
                "sha256:5dbbc68b317e5e42f327f9021763545dc3fc3bfe22e6deb96aaf1fc38874156a"
            ],
            "markers": "python_version >= '3.7'",
            "version": "==2.1.2"
        },
        "jinja2": {
            "hashes": [
                "sha256:7d6d50dd97d52cbc355597bd845fabfbac3f551e1f99619e39a35ce8c370b5fa",
                "sha256:ac8bd6544d4bb2c9792bf3a159e80bba8fda7f07e81bc3aed565432d5925ba90"
            ],
            "index": "pypi",
            "markers": "python_version >= '3.7'",
            "version": "==3.1.3"
        },
        "lief": {
            "hashes": [
                "sha256:01d4075bbc3541e9dd3ef008045fa1eb128294a0c5b0c1f69ce60d8948d248c7",
                "sha256:0390cfaaf0e9aed46bebf26f00f34852768f76bc7f90abf7ceb384566200e5f5",
                "sha256:03db0138e4dbbdfa8bba74de312b0cebb30f504e44f38a9c8918b84022da340b",
                "sha256:042ad2105a136b11a7494b9af8178468e8cb32b8fa2a0a55cb659a5605aeb069",
                "sha256:11ab900e0644b6735ecdef2bbd04439b4866a527650fc054470c195d6cfe2917",
                "sha256:1ce289b6ab3cf4be654270007e8a2c0d2e42116180418c29d3ce83762955de63",
                "sha256:2bbe294385e629aa7206b2f39f0ca34e3948605a8db50b22091603053889a759",
                "sha256:36c5bea3f8460dee3ebb75d35949f445638ec85d2871f31e293c47fb4a0a5af7",
                "sha256:3f8f251de874929d9c9e94a35891621ab8c059149f8a1c24e543fd9cf0c2a31c",
                "sha256:5581bf0072c1e7a9ea2fb2e2252b8582016e8b298804b5461e552b402c9cd4e9",
                "sha256:6570dacebe107ad60c2ba0968d1a865d316009d43cc85af3719d3eeb0911abf3",
                "sha256:7ce2e3f7c791efba327c2bb3499dbef81e682027109045a9bae696c62e2aeeb0",
                "sha256:8da75df0ea472557fcc37a27ba583bad5a8f3a256c186600d00a6dd0a57f718a",
                "sha256:95731cadedd6ffc5fb48c147fcefe004624e436b75e8ee9fb2dbf2ae5f084342",
                "sha256:a8703cb5308b4828563badc6885ff07a3926ec3403d1caa3aa75f24fe9cbcf84",
                "sha256:b99092f02c13f580c2d00b504af224b7e60e7c98a791e72ae8519f530b7687bb",
                "sha256:bc041b28b94139843a33c014e355822a9276b35f3c5ae10d82da56bf572f8222",
                "sha256:c60f2f79e7d0d1f18dec7dcdb4d4f35e6b126ac29e2f2f056d28ec50599d868a",
                "sha256:d344d37334c2b488dc02f04cb13c22cd61aa065eeb9bca7424588e0c8c23bdfb",
                "sha256:dbbf2fb3d7807e815f345c77e287da162e081100f059ec03005995befc295d7f",
                "sha256:e0f84a7443b7f1b02666fd16a9aa57f5d9027e60ba2885e0d76db8426d689707",
                "sha256:eca8ecbcae1ad851ed7cf1e22ec8accd74f2267fa7375194559fb917523d8a92",
                "sha256:eccb248ffb598e410fd2ef7c1f171a3cde57a40c9bb8c4fa15d8e7b90eb4eb2d"
            ],
            "markers": "sys_platform == 'win32'",
            "version": "==0.13.2"
        },
        "markupsafe": {
            "hashes": [
                "sha256:05fb21170423db021895e1ea1e1f3ab3adb85d1c2333cbc2310f2a26bc77272e",
                "sha256:0a4e4a1aff6c7ac4cd55792abf96c915634c2b97e3cc1c7129578aa68ebd754e",
                "sha256:10bbfe99883db80bdbaff2dcf681dfc6533a614f700da1287707e8a5d78a8431",
                "sha256:134da1eca9ec0ae528110ccc9e48041e0828d79f24121a1a146161103c76e686",
                "sha256:14ff806850827afd6b07a5f32bd917fb7f45b046ba40c57abdb636674a8b559c",
                "sha256:1577735524cdad32f9f694208aa75e422adba74f1baee7551620e43a3141f559",
                "sha256:1b40069d487e7edb2676d3fbdb2b0829ffa2cd63a2ec26c4938b2d34391b4ecc",
                "sha256:1b8dd8c3fd14349433c79fa8abeb573a55fc0fdd769133baac1f5e07abf54aeb",
                "sha256:1f67c7038d560d92149c060157d623c542173016c4babc0c1913cca0564b9939",
                "sha256:282c2cb35b5b673bbcadb33a585408104df04f14b2d9b01d4c345a3b92861c2c",
                "sha256:2c1b19b3aaacc6e57b7e25710ff571c24d6c3613a45e905b1fde04d691b98ee0",
                "sha256:2ef12179d3a291be237280175b542c07a36e7f60718296278d8593d21ca937d4",
                "sha256:338ae27d6b8745585f87218a3f23f1512dbf52c26c28e322dbe54bcede54ccb9",
                "sha256:3c0fae6c3be832a0a0473ac912810b2877c8cb9d76ca48de1ed31e1c68386575",
                "sha256:3fd4abcb888d15a94f32b75d8fd18ee162ca0c064f35b11134be77050296d6ba",
                "sha256:42de32b22b6b804f42c5d98be4f7e5e977ecdd9ee9b660fda1a3edf03b11792d",
                "sha256:47d4f1c5f80fc62fdd7777d0d40a2e9dda0a05883ab11374334f6c4de38adffd",
                "sha256:504b320cd4b7eff6f968eddf81127112db685e81f7e36e75f9f84f0df46041c3",
                "sha256:525808b8019e36eb524b8c68acdd63a37e75714eac50e988180b169d64480a00",
                "sha256:56d9f2ecac662ca1611d183feb03a3fa4406469dafe241673d521dd5ae92a155",
                "sha256:5bbe06f8eeafd38e5d0a4894ffec89378b6c6a625ff57e3028921f8ff59318ac",
                "sha256:65c1a9bcdadc6c28eecee2c119465aebff8f7a584dd719facdd9e825ec61ab52",
                "sha256:68e78619a61ecf91e76aa3e6e8e33fc4894a2bebe93410754bd28fce0a8a4f9f",
                "sha256:69c0f17e9f5a7afdf2cc9fb2d1ce6aabdb3bafb7f38017c0b77862bcec2bbad8",
                "sha256:6b2b56950d93e41f33b4223ead100ea0fe11f8e6ee5f641eb753ce4b77a7042b",
                "sha256:715d3562f79d540f251b99ebd6d8baa547118974341db04f5ad06d5ea3eb8007",
                "sha256:787003c0ddb00500e49a10f2844fac87aa6ce977b90b0feaaf9de23c22508b24",
                "sha256:7ef3cb2ebbf91e330e3bb937efada0edd9003683db6b57bb108c4001f37a02ea",
                "sha256:8023faf4e01efadfa183e863fefde0046de576c6f14659e8782065bcece22198",
                "sha256:8758846a7e80910096950b67071243da3e5a20ed2546e6392603c096778d48e0",
                "sha256:8afafd99945ead6e075b973fefa56379c5b5c53fd8937dad92c662da5d8fd5ee",
                "sha256:8c41976a29d078bb235fea9b2ecd3da465df42a562910f9022f1a03107bd02be",
                "sha256:8e254ae696c88d98da6555f5ace2279cf7cd5b3f52be2b5cf97feafe883b58d2",
                "sha256:8f9293864fe09b8149f0cc42ce56e3f0e54de883a9de90cd427f191c346eb2e1",
                "sha256:9402b03f1a1b4dc4c19845e5c749e3ab82d5078d16a2a4c2cd2df62d57bb0707",
                "sha256:962f82a3086483f5e5f64dbad880d31038b698494799b097bc59c2edf392fce6",
                "sha256:9aad3c1755095ce347e26488214ef77e0485a3c34a50c5a5e2471dff60b9dd9c",
                "sha256:9dcdfd0eaf283af041973bff14a2e143b8bd64e069f4c383416ecd79a81aab58",
                "sha256:aa57bd9cf8ae831a362185ee444e15a93ecb2e344c8e52e4d721ea3ab6ef1823",
                "sha256:aa7bd130efab1c280bed0f45501b7c8795f9fdbeb02e965371bbef3523627779",
                "sha256:ab4a0df41e7c16a1392727727e7998a467472d0ad65f3ad5e6e765015df08636",
                "sha256:ad9e82fb8f09ade1c3e1b996a6337afac2b8b9e365f926f5a61aacc71adc5b3c",
                "sha256:af598ed32d6ae86f1b747b82783958b1a4ab8f617b06fe68795c7f026abbdcad",
                "sha256:b076b6226fb84157e3f7c971a47ff3a679d837cf338547532ab866c57930dbee",
                "sha256:b7ff0f54cb4ff66dd38bebd335a38e2c22c41a8ee45aa608efc890ac3e3931bc",
                "sha256:bfce63a9e7834b12b87c64d6b155fdd9b3b96191b6bd334bf37db7ff1fe457f2",
                "sha256:c011a4149cfbcf9f03994ec2edffcb8b1dc2d2aede7ca243746df97a5d41ce48",
                "sha256:c9c804664ebe8f83a211cace637506669e7890fec1b4195b505c214e50dd4eb7",
                "sha256:ca379055a47383d02a5400cb0d110cef0a776fc644cda797db0c5696cfd7e18e",
                "sha256:cb0932dc158471523c9637e807d9bfb93e06a95cbf010f1a38b98623b929ef2b",
                "sha256:cd0f502fe016460680cd20aaa5a76d241d6f35a1c3350c474bac1273803893fa",
                "sha256:ceb01949af7121f9fc39f7d27f91be8546f3fb112c608bc4029aef0bab86a2a5",
                "sha256:d080e0a5eb2529460b30190fcfcc4199bd7f827663f858a226a81bc27beaa97e",
                "sha256:dd15ff04ffd7e05ffcb7fe79f1b98041b8ea30ae9234aed2a9168b5797c3effb",
                "sha256:df0be2b576a7abbf737b1575f048c23fb1d769f267ec4358296f31c2479db8f9",
                "sha256:e09031c87a1e51556fdcb46e5bd4f59dfb743061cf93c4d6831bf894f125eb57",
                "sha256:e4dd52d80b8c83fdce44e12478ad2e85c64ea965e75d66dbeafb0a3e77308fcc",
                "sha256:f698de3fd0c4e6972b92290a45bd9b1536bffe8c6759c62471efaa8acb4c37bc",
                "sha256:fec21693218efe39aa7f8599346e90c705afa52c5b31ae019b2e57e8f6542bb2",
                "sha256:ffcc3f7c66b5f5b7931a5aa68fc9cecc51e685ef90282f4a82f0f5e9b704ad11"
            ],
            "markers": "python_version >= '3.7'",
            "version": "==2.1.3"
        },
        "oneagent-sdk": {
            "hashes": [
                "sha256:0c98a2300db47b8934e9c41f8984405946e5378bb112ebb84c409647e9adfcd6",
                "sha256:5e28d14749d2bf5518e2caf987e5a3454c5e35f637d13e75fa4e6683a5b41b97",
                "sha256:688102ea5e0f2e2229c3e79876c1797fbfb05f3b2f5fbe07d7fe070a4f400aff",
                "sha256:a1d0e9828081e857e4e1ab9f45d715fd16acfc6a5755b9265e7f66d085729216",
                "sha256:fbaefe71d5efa0e552261daaf7a87b48c5cc32d64412302803eb45292ac7ef67"
            ],
            "markers": "python_version >= '2.7' and python_version not in '3.0, 3.1, 3.2, 3.3'",
            "version": "==1.5.0.20221221.150433"
        },
        "ordered-set": {
            "hashes": [
                "sha256:046e1132c71fcf3330438a539928932caf51ddbc582496833e23de611de14562",
                "sha256:694a8e44c87657c59292ede72891eb91d34131f6531463aab3009191c77364a8"
            ],
            "markers": "python_version >= '3.7'",
            "version": "==4.1.0"
        },
        "patchelf": {
            "hashes": [
                "sha256:3c8d58f0e4c1929b1c7c45ba8da5a84a8f1aa6a82a46e1cfb2e44a4d40f350e5",
                "sha256:a6eb0dd452ce4127d0d5e1eb26515e39186fa609364274bc1b0b77539cfa7031",
                "sha256:a9e6ebb0874a11f7ed56d2380bfaa95f00612b23b15f896583da30c2059fcfa8",
                "sha256:ccb266a94edf016efe80151172c26cff8c2ec120a57a1665d257b0442784195d",
                "sha256:d1a9bc0d4fd80c038523ebdc451a1cce75237cfcc52dbd1aca224578001d5927",
                "sha256:f47b5bdd6885cfb20abdd14c707d26eb6f499a7f52e911865548d4aa43385502",
                "sha256:fc329da0e8f628bd836dfb8eaf523547e342351fa8f739bf2b3fe4a6db5a297c"
            ],
            "markers": "sys_platform == 'linux' and platform_machine == 'x86_64'",
            "version": "==0.17.2.1"
        },
        "pyyaml": {
            "hashes": [
                "sha256:04ac92ad1925b2cff1db0cfebffb6ffc43457495c9b3c39d3fcae417d7125dc5",
                "sha256:062582fca9fabdd2c8b54a3ef1c978d786e0f6b3a1510e0ac93ef59e0ddae2bc",
                "sha256:0d3304d8c0adc42be59c5f8a4d9e3d7379e6955ad754aa9d6ab7a398b59dd1df",
                "sha256:1635fd110e8d85d55237ab316b5b011de701ea0f29d07611174a1b42f1444741",
                "sha256:184c5108a2aca3c5b3d3bf9395d50893a7ab82a38004c8f61c258d4428e80206",
                "sha256:18aeb1bf9a78867dc38b259769503436b7c72f7a1f1f4c93ff9a17de54319b27",
                "sha256:1d4c7e777c441b20e32f52bd377e0c409713e8bb1386e1099c2415f26e479595",
                "sha256:1e2722cc9fbb45d9b87631ac70924c11d3a401b2d7f410cc0e3bbf249f2dca62",
                "sha256:1fe35611261b29bd1de0070f0b2f47cb6ff71fa6595c077e42bd0c419fa27b98",
                "sha256:28c119d996beec18c05208a8bd78cbe4007878c6dd15091efb73a30e90539696",
                "sha256:326c013efe8048858a6d312ddd31d56e468118ad4cdeda36c719bf5bb6192290",
                "sha256:40df9b996c2b73138957fe23a16a4f0ba614f4c0efce1e9406a184b6d07fa3a9",
                "sha256:42f8152b8dbc4fe7d96729ec2b99c7097d656dc1213a3229ca5383f973a5ed6d",
                "sha256:49a183be227561de579b4a36efbb21b3eab9651dd81b1858589f796549873dd6",
                "sha256:4fb147e7a67ef577a588a0e2c17b6db51dda102c71de36f8549b6816a96e1867",
                "sha256:50550eb667afee136e9a77d6dc71ae76a44df8b3e51e41b77f6de2932bfe0f47",
                "sha256:510c9deebc5c0225e8c96813043e62b680ba2f9c50a08d3724c7f28a747d1486",
                "sha256:5773183b6446b2c99bb77e77595dd486303b4faab2b086e7b17bc6bef28865f6",
                "sha256:596106435fa6ad000c2991a98fa58eeb8656ef2325d7e158344fb33864ed87e3",
                "sha256:6965a7bc3cf88e5a1c3bd2e0b5c22f8d677dc88a455344035f03399034eb3007",
                "sha256:69b023b2b4daa7548bcfbd4aa3da05b3a74b772db9e23b982788168117739938",
                "sha256:6c22bec3fbe2524cde73d7ada88f6566758a8f7227bfbf93a408a9d86bcc12a0",
                "sha256:704219a11b772aea0d8ecd7058d0082713c3562b4e271b849ad7dc4a5c90c13c",
                "sha256:7e07cbde391ba96ab58e532ff4803f79c4129397514e1413a7dc761ccd755735",
                "sha256:81e0b275a9ecc9c0c0c07b4b90ba548307583c125f54d5b6946cfee6360c733d",
                "sha256:855fb52b0dc35af121542a76b9a84f8d1cd886ea97c84703eaa6d88e37a2ad28",
                "sha256:8d4e9c88387b0f5c7d5f281e55304de64cf7f9c0021a3525bd3b1c542da3b0e4",
                "sha256:9046c58c4395dff28dd494285c82ba00b546adfc7ef001486fbf0324bc174fba",
                "sha256:9eb6caa9a297fc2c2fb8862bc5370d0303ddba53ba97e71f08023b6cd73d16a8",
                "sha256:a0cd17c15d3bb3fa06978b4e8958dcdc6e0174ccea823003a106c7d4d7899ac5",
                "sha256:afd7e57eddb1a54f0f1a974bc4391af8bcce0b444685d936840f125cf046d5bd",
                "sha256:b1275ad35a5d18c62a7220633c913e1b42d44b46ee12554e5fd39c70a243d6a3",
                "sha256:b786eecbdf8499b9ca1d697215862083bd6d2a99965554781d0d8d1ad31e13a0",
                "sha256:ba336e390cd8e4d1739f42dfe9bb83a3cc2e80f567d8805e11b46f4a943f5515",
                "sha256:baa90d3f661d43131ca170712d903e6295d1f7a0f595074f151c0aed377c9b9c",
                "sha256:bc1bf2925a1ecd43da378f4db9e4f799775d6367bdb94671027b73b393a7c42c",
                "sha256:bd4af7373a854424dabd882decdc5579653d7868b8fb26dc7d0e99f823aa5924",
                "sha256:bf07ee2fef7014951eeb99f56f39c9bb4af143d8aa3c21b1677805985307da34",
                "sha256:bfdf460b1736c775f2ba9f6a92bca30bc2095067b8a9d77876d1fad6cc3b4a43",
                "sha256:c8098ddcc2a85b61647b2590f825f3db38891662cfc2fc776415143f599bb859",
                "sha256:d2b04aac4d386b172d5b9692e2d2da8de7bfb6c387fa4f801fbf6fb2e6ba4673",
                "sha256:d483d2cdf104e7c9fa60c544d92981f12ad66a457afae824d146093b8c294c54",
                "sha256:d858aa552c999bc8a8d57426ed01e40bef403cd8ccdd0fc5f6f04a00414cac2a",
                "sha256:e7d73685e87afe9f3b36c799222440d6cf362062f78be1013661b00c5c6f678b",
                "sha256:f003ed9ad21d6a4713f0a9b5a7a0a79e08dd0f221aff4525a2be4c346ee60aab",
                "sha256:f22ac1c3cac4dbc50079e965eba2c1058622631e526bd9afd45fedd49ba781fa",
                "sha256:faca3bdcf85b2fc05d06ff3fbc1f83e1391b3e724afa3feba7d13eeab355484c",
                "sha256:fca0e3a251908a499833aa292323f32437106001d436eca0e6e7833256674585",
                "sha256:fd1592b3fdf65fff2ad0004b5e363300ef59ced41c2e6b3a99d4089fa8c5435d",
                "sha256:fd66fc5d0da6d9815ba2cebeb4205f95818ff4b79c3ebe268e75d961704af52f"
            ],
            "index": "pypi",
            "version": "==6.0.1"
        },
        "requests": {
            "hashes": [
                "sha256:58cd2187c01e70e6e26505bca751777aa9f2ee0b7f4300988b709f44e013003f",
                "sha256:942c5a758f98d790eaed1a29cb6eefc7ffb0d1cf7af05c3d2791656dbd6ad1e1"
            ],
            "index": "pypi",
            "version": "==2.31.0"
        },
        "setuptools": {
            "hashes": [
                "sha256:4ac1475276d2f1c48684874089fefcd83bd7162ddaafb81fac866ba0db282a87",
                "sha256:b454a35605876da60632df1a60f736524eb73cc47bbc9f3f1ef1b644de74fd2a"
            ],
            "markers": "python_version >= '3.8'",
            "version": "==68.2.2"
        },
        "six": {
            "hashes": [
                "sha256:1e61c37477a1626458e36f7b1d82aa5c9b094fa4802892072e49de9c60c4c926",
                "sha256:8abb2f1d86890a2dfb989f9a77cfcfd3e47c2a354b01111771326f8aa26e0254"
            ],
            "markers": "python_version >= '2.7' and python_version not in '3.0, 3.1, 3.2, 3.3'",
            "version": "==1.16.0"
        },
        "urllib3": {
            "hashes": [
                "sha256:c97dfde1f7bd43a71c8d2a58e369e9b2bf692d1334ea9f9cae55add7d0dd0f84",
                "sha256:fdb6d215c776278489906c2f8916e6e7d4f5a9b602ccbcfdf7f016fc8da0596e"
            ],
            "index": "pypi",
            "markers": "python_version >= '3.7'",
            "version": "==2.0.7"
        },
        "werkzeug": {
            "hashes": [
                "sha256:507e811ecea72b18a404947aded4b3390e1db8f826b494d76550ef45bb3b1dcc",
                "sha256:90a285dc0e42ad56b34e696398b8122ee4c681833fb35b8334a095d82c56da10"
            ],
            "markers": "python_version >= '3.8'",
            "version": "==3.0.1"
        },
        "wheel": {
            "hashes": [
                "sha256:488609bc63a29322326e05560731bf7bfea8e48ad646e1f5e40d366607de0942",
                "sha256:4d4987ce51a49370ea65c0bfd2234e8ce80a12780820d9dc462597a6e60d0841"
            ],
            "markers": "python_version >= '3.7'",
            "version": "==0.41.3"
        },
        "wrapt": {
            "hashes": [
                "sha256:0d2691979e93d06a95a26257adb7bfd0c93818e89b1406f5a28f36e0d8c1e1fc",
                "sha256:14d7dc606219cdd7405133c713f2c218d4252f2a469003f8c46bb92d5d095d81",
                "sha256:1a5db485fe2de4403f13fafdc231b0dbae5eca4359232d2efc79025527375b09",
                "sha256:1acd723ee2a8826f3d53910255643e33673e1d11db84ce5880675954183ec47e",
                "sha256:1ca9b6085e4f866bd584fb135a041bfc32cab916e69f714a7d1d397f8c4891ca",
                "sha256:1dd50a2696ff89f57bd8847647a1c363b687d3d796dc30d4dd4a9d1689a706f0",
                "sha256:2076fad65c6736184e77d7d4729b63a6d1ae0b70da4868adeec40989858eb3fb",
                "sha256:2a88e6010048489cda82b1326889ec075a8c856c2e6a256072b28eaee3ccf487",
                "sha256:3ebf019be5c09d400cf7b024aa52b1f3aeebeff51550d007e92c3c1c4afc2a40",
                "sha256:418abb18146475c310d7a6dc71143d6f7adec5b004ac9ce08dc7a34e2babdc5c",
                "sha256:43aa59eadec7890d9958748db829df269f0368521ba6dc68cc172d5d03ed8060",
                "sha256:44a2754372e32ab315734c6c73b24351d06e77ffff6ae27d2ecf14cf3d229202",
                "sha256:490b0ee15c1a55be9c1bd8609b8cecd60e325f0575fc98f50058eae366e01f41",
                "sha256:49aac49dc4782cb04f58986e81ea0b4768e4ff197b57324dcbd7699c5dfb40b9",
                "sha256:5eb404d89131ec9b4f748fa5cfb5346802e5ee8836f57d516576e61f304f3b7b",
                "sha256:5f15814a33e42b04e3de432e573aa557f9f0f56458745c2074952f564c50e664",
                "sha256:5f370f952971e7d17c7d1ead40e49f32345a7f7a5373571ef44d800d06b1899d",
                "sha256:66027d667efe95cc4fa945af59f92c5a02c6f5bb6012bff9e60542c74c75c362",
                "sha256:66dfbaa7cfa3eb707bbfcd46dab2bc6207b005cbc9caa2199bcbc81d95071a00",
                "sha256:685f568fa5e627e93f3b52fda002c7ed2fa1800b50ce51f6ed1d572d8ab3e7fc",
                "sha256:6906c4100a8fcbf2fa735f6059214bb13b97f75b1a61777fcf6432121ef12ef1",
                "sha256:6a42cd0cfa8ffc1915aef79cb4284f6383d8a3e9dcca70c445dcfdd639d51267",
                "sha256:6dcfcffe73710be01d90cae08c3e548d90932d37b39ef83969ae135d36ef3956",
                "sha256:6f6eac2360f2d543cc875a0e5efd413b6cbd483cb3ad7ebf888884a6e0d2e966",
                "sha256:72554a23c78a8e7aa02abbd699d129eead8b147a23c56e08d08dfc29cfdddca1",
                "sha256:73870c364c11f03ed072dda68ff7aea6d2a3a5c3fe250d917a429c7432e15228",
                "sha256:73aa7d98215d39b8455f103de64391cb79dfcad601701a3aa0dddacf74911d72",
                "sha256:75ea7d0ee2a15733684badb16de6794894ed9c55aa5e9903260922f0482e687d",
                "sha256:7bd2d7ff69a2cac767fbf7a2b206add2e9a210e57947dd7ce03e25d03d2de292",
                "sha256:807cc8543a477ab7422f1120a217054f958a66ef7314f76dd9e77d3f02cdccd0",
                "sha256:8e9723528b9f787dc59168369e42ae1c3b0d3fadb2f1a71de14531d321ee05b0",
                "sha256:9090c9e676d5236a6948330e83cb89969f433b1943a558968f659ead07cb3b36",
                "sha256:9153ed35fc5e4fa3b2fe97bddaa7cbec0ed22412b85bcdaf54aeba92ea37428c",
                "sha256:9159485323798c8dc530a224bd3ffcf76659319ccc7bbd52e01e73bd0241a0c5",
                "sha256:941988b89b4fd6b41c3f0bfb20e92bd23746579736b7343283297c4c8cbae68f",
                "sha256:94265b00870aa407bd0cbcfd536f17ecde43b94fb8d228560a1e9d3041462d73",
                "sha256:98b5e1f498a8ca1858a1cdbffb023bfd954da4e3fa2c0cb5853d40014557248b",
                "sha256:9b201ae332c3637a42f02d1045e1d0cccfdc41f1f2f801dafbaa7e9b4797bfc2",
                "sha256:a0ea261ce52b5952bf669684a251a66df239ec6d441ccb59ec7afa882265d593",
                "sha256:a33a747400b94b6d6b8a165e4480264a64a78c8a4c734b62136062e9a248dd39",
                "sha256:a452f9ca3e3267cd4d0fcf2edd0d035b1934ac2bd7e0e57ac91ad6b95c0c6389",
                "sha256:a86373cf37cd7764f2201b76496aba58a52e76dedfaa698ef9e9688bfd9e41cf",
                "sha256:ac83a914ebaf589b69f7d0a1277602ff494e21f4c2f743313414378f8f50a4cf",
                "sha256:aefbc4cb0a54f91af643660a0a150ce2c090d3652cf4052a5397fb2de549cd89",
                "sha256:b3646eefa23daeba62643a58aac816945cadc0afaf21800a1421eeba5f6cfb9c",
                "sha256:b47cfad9e9bbbed2339081f4e346c93ecd7ab504299403320bf85f7f85c7d46c",
                "sha256:b935ae30c6e7400022b50f8d359c03ed233d45b725cfdd299462f41ee5ffba6f",
                "sha256:bb2dee3874a500de01c93d5c71415fcaef1d858370d405824783e7a8ef5db440",
                "sha256:bc57efac2da352a51cc4658878a68d2b1b67dbe9d33c36cb826ca449d80a8465",
                "sha256:bf5703fdeb350e36885f2875d853ce13172ae281c56e509f4e6eca049bdfb136",
                "sha256:c31f72b1b6624c9d863fc095da460802f43a7c6868c5dda140f51da24fd47d7b",
                "sha256:c5cd603b575ebceca7da5a3a251e69561bec509e0b46e4993e1cac402b7247b8",
                "sha256:d2efee35b4b0a347e0d99d28e884dfd82797852d62fcd7ebdeee26f3ceb72cf3",
                "sha256:d462f28826f4657968ae51d2181a074dfe03c200d6131690b7d65d55b0f360f8",
                "sha256:d5e49454f19ef621089e204f862388d29e6e8d8b162efce05208913dde5b9ad6",
                "sha256:da4813f751142436b075ed7aa012a8778aa43a99f7b36afe9b742d3ed8bdc95e",
                "sha256:db2e408d983b0e61e238cf579c09ef7020560441906ca990fe8412153e3b291f",
                "sha256:db98ad84a55eb09b3c32a96c576476777e87c520a34e2519d3e59c44710c002c",
                "sha256:dbed418ba5c3dce92619656802cc5355cb679e58d0d89b50f116e4a9d5a9603e",
                "sha256:dcdba5c86e368442528f7060039eda390cc4091bfd1dca41e8046af7c910dda8",
                "sha256:decbfa2f618fa8ed81c95ee18a387ff973143c656ef800c9f24fb7e9c16054e2",
                "sha256:e4fdb9275308292e880dcbeb12546df7f3e0f96c6b41197e0cf37d2826359020",
                "sha256:eb1b046be06b0fce7249f1d025cd359b4b80fc1c3e24ad9eca33e0dcdb2e4a35",
                "sha256:eb6e651000a19c96f452c85132811d25e9264d836951022d6e81df2fff38337d",
                "sha256:ed867c42c268f876097248e05b6117a65bcd1e63b779e916fe2e33cd6fd0d3c3",
                "sha256:edfad1d29c73f9b863ebe7082ae9321374ccb10879eeabc84ba3b69f2579d537",
                "sha256:f2058f813d4f2b5e3a9eb2eb3faf8f1d99b81c3e51aeda4b168406443e8ba809",
                "sha256:f6b2d0c6703c988d334f297aa5df18c45e97b0af3679bb75059e0e0bd8b1069d",
                "sha256:f8212564d49c50eb4565e502814f694e240c55551a5f1bc841d4fcaabb0a9b8a",
                "sha256:ffa565331890b90056c01db69c0fe634a776f8019c143a5ae265f9c6bc4bd6d4"
            ],
            "markers": "python_version >= '3.6'",
            "version": "==1.16.0"
        },
        "zipp": {
            "hashes": [
                "sha256:0e923e726174922dce09c53c59ad483ff7bbb8e572e00c7f7c46b88556409f31",
                "sha256:84e64a1c28cf7e91ed2078bb8cc8c259cb19b76942096c8d7b84947690cabaf0"
            ],
            "markers": "python_version >= '3.8'",
            "version": "==3.17.0"
        }
    },
    "develop": {}
}
